
Microsoft Visual Studio Solution File, Format Version 12.00
# Visual Studio Version 16
VisualStudioVersion = 16.0.29409.12
MinimumVisualStudioVersion = 10.0.40219.1
Project("{FAE04EC0-301F-11D3-BF4B-00C04F79EFBC}") = "TetrisApp", "TetrisApp.csproj", "{D6AB53B5-0F53-42A5-A981-76D2FDFAF281}"
EndProject
Global
	GlobalSection(SolutionConfigurationPlatforms) = preSolution
		Debug|Any CPU = Debug|Any CPU
		Release|Any CPU = Release|Any CPU
	EndGlobalSection
	GlobalSection(ProjectConfigurationPlatforms) = postSolution
		{D6AB53B5-0F53-42A5-A981-76D2FDFAF281}.Debug|Any CPU.ActiveCfg = Debug|Any CPU
		{D6AB53B5-0F53-42A5-A981-76D2FDFAF281}.Debug|Any CPU.Build.0 = Debug|Any CPU
		{D6AB53B5-0F53-42A5-A981-76D2FDFAF281}.Release|Any CPU.ActiveCfg = Release|Any CPU
		{D6AB53B5-0F53-42A5-A981-76D2FDFAF281}.Release|Any CPU.Build.0 = Release|Any CPU
	EndGlobalSection
	GlobalSection(SolutionProperties) = preSolution
		HideSolutionNode = FALSE
	EndGlobalSection
	GlobalSection(ExtensibilityGlobals) = postSolution
		SolutionGuid = {A80F94D7-82A8-4669-85E6-04F2263F61FD}
	EndGlobalSection
EndGlobal
